
Microsoft Visual Studio Solution File, Format Version 12.00
# Visual Studio Version 17
VisualStudioVersion = 17.8.34309.116
MinimumVisualStudioVersion = 10.0.40219.1
Project("{FAE04EC0-301F-11D3-BF4B-00C04F79EFBC}") = "FitnessTakipConsoleApp", "FitnessTakipConsoleApp\FitnessTakipConsoleApp.csproj", "{9C3E7DE4-8CC1-46AC-956B-D896FAA2C891}"
EndProject
Global
	GlobalSection(SolutionConfigurationPlatforms) = preSolution
		Debug|Any CPU = Debug|Any CPU
		Release|Any CPU = Release|Any CPU
	EndGlobalSection
	GlobalSection(ProjectConfigurationPlatforms) = postSolution
		{9C3E7DE4-8CC1-46AC-956B-D896FAA2C891}.Debug|Any CPU.ActiveCfg = Debug|Any CPU
		{9C3E7DE4-8CC1-46AC-956B-D896FAA2C891}.Debug|Any CPU.Build.0 = Debug|Any CPU
		{9C3E7DE4-8CC1-46AC-956B-D896FAA2C891}.Release|Any CPU.ActiveCfg = Release|Any CPU
		{9C3E7DE4-8CC1-46AC-956B-D896FAA2C891}.Release|Any CPU.Build.0 = Release|Any CPU
	EndGlobalSection
	GlobalSection(SolutionProperties) = preSolution
		HideSolutionNode = FALSE
	EndGlobalSection
	GlobalSection(ExtensibilityGlobals) = postSolution
		SolutionGuid = {B0A4528F-5548-40CD-867C-AEE6CB1E3DF4}
	EndGlobalSection
EndGlobal
